
Microsoft Visual Studio Solution File, Format Version 12.00
# Visual Studio Version 17
VisualStudioVersion = 17.6.33712.159
MinimumVisualStudioVersion = 10.0.40219.1
Project("{9A19103F-16F7-4668-BE54-9A1E7A4F7556}") = "UnitTest", "Tests\UnitTest.csproj", "{A65E262A-D37D-4BAB-8550-A96134E1DD73}"
EndProject
Project("{9A19103F-16F7-4668-BE54-9A1E7A4F7556}") = "Library", "Library\Library.csproj", "{F1AB38F2-47D4-48E2-A468-7E29CDF687B4}"
EndProject
Global
	GlobalSection(SolutionConfigurationPlatforms) = preSolution
		Debug|Any CPU = Debug|Any CPU
		Debug|x64 = Debug|x64
		Debug|x86 = Debug|x86
		Release|Any CPU = Release|Any CPU
		Release|x64 = Release|x64
		Release|x86 = Release|x86
	EndGlobalSection
	GlobalSection(ProjectConfigurationPlatforms) = postSolution
		{A65E262A-D37D-4BAB-8550-A96134E1DD73}.Debug|Any CPU.ActiveCfg = Debug|Any CPU
		{A65E262A-D37D-4BAB-8550-A96134E1DD73}.Debug|Any CPU.Build.0 = Debug|Any CPU
		{A65E262A-D37D-4BAB-8550-A96134E1DD73}.Debug|x64.ActiveCfg = Debug|x64
		{A65E262A-D37D-4BAB-8550-A96134E1DD73}.Debug|x64.Build.0 = Debug|x64
		{A65E262A-D37D-4BAB-8550-A96134E1DD73}.Debug|x86.ActiveCfg = Debug|x86
		{A65E262A-D37D-4BAB-8550-A96134E1DD73}.Debug|x86.Build.0 = Debug|x86
		{A65E262A-D37D-4BAB-8550-A96134E1DD73}.Release|Any CPU.ActiveCfg = Release|Any CPU
		{A65E262A-D37D-4BAB-8550-A96134E1DD73}.Release|Any CPU.Build.0 = Release|Any CPU
		{A65E262A-D37D-4BAB-8550-A96134E1DD73}.Release|x64.ActiveCfg = Release|x64
		{A65E262A-D37D-4BAB-8550-A96134E1DD73}.Release|x64.Build.0 = Release|x64
		{A65E262A-D37D-4BAB-8550-A96134E1DD73}.Release|x86.ActiveCfg = Release|x86
		{A65E262A-D37D-4BAB-8550-A96134E1DD73}.Release|x86.Build.0 = Release|x86
		{F1AB38F2-47D4-48E2-A468-7E29CDF687B4}.Debug|Any CPU.ActiveCfg = Debug|Any CPU
		{F1AB38F2-47D4-48E2-A468-7E29CDF687B4}.Debug|Any CPU.Build.0 = Debug|Any CPU
		{F1AB38F2-47D4-48E2-A468-7E29CDF687B4}.Debug|x64.ActiveCfg = Debug|Any CPU
		{F1AB38F2-47D4-48E2-A468-7E29CDF687B4}.Debug|x64.Build.0 = Debug|Any CPU
		{F1AB38F2-47D4-48E2-A468-7E29CDF687B4}.Debug|x86.ActiveCfg = Debug|Any CPU
		{F1AB38F2-47D4-48E2-A468-7E29CDF687B4}.Debug|x86.Build.0 = Debug|Any CPU
		{F1AB38F2-47D4-48E2-A468-7E29CDF687B4}.Release|Any CPU.ActiveCfg = Release|Any CPU
		{F1AB38F2-47D4-48E2-A468-7E29CDF687B4}.Release|Any CPU.Build.0 = Release|Any CPU
		{F1AB38F2-47D4-48E2-A468-7E29CDF687B4}.Release|x64.ActiveCfg = Release|Any CPU
		{F1AB38F2-47D4-48E2-A468-7E29CDF687B4}.Release|x64.Build.0 = Release|Any CPU
		{F1AB38F2-47D4-48E2-A468-7E29CDF687B4}.Release|x86.ActiveCfg = Release|Any CPU
		{F1AB38F2-47D4-48E2-A468-7E29CDF687B4}.Release|x86.Build.0 = Release|Any CPU
	EndGlobalSection
	GlobalSection(SolutionProperties) = preSolution
		HideSolutionNode = FALSE
	EndGlobalSection
	GlobalSection(ExtensibilityGlobals) = postSolution
		SolutionGuid = {69C88882-8CC1-49CE-9D41-966C8B20810A}
	EndGlobalSection
EndGlobal
