
Microsoft Visual Studio Solution File, Format Version 12.00
# Visual Studio Version 16
VisualStudioVersion = 16.0.29001.49
MinimumVisualStudioVersion = 10.0.40219.1
Project("{D954291E-2A0B-460D-934E-DC6B0785DB48}") = "DaanV2-NBT.Net Source", "DaanV2-NBT.Net Source\DaanV2-NBT.Net Source.shproj", "{F600936B-A6C7-4F31-8907-A2D4944FEEB7}"
EndProject
Project("{9A19103F-16F7-4668-BE54-9A1E7A4F7556}") = "DaanV2-NBT.Net Core", "DaanV2-NBT.Net Core\DaanV2-NBT.Net Core.csproj", "{2D05CB2E-E65A-4EF8-97D1-DF4FB6F33EEE}"
EndProject
Project("{FAE04EC0-301F-11D3-BF4B-00C04F79EFBC}") = "DaanV2.NBT.Net", "DaanV2.NBT.Net\DaanV2.NBT.Net.csproj", "{8C661557-152D-412E-BF39-241F072B6D84}"
EndProject
Project("{2150E333-8FDC-42A3-9474-1A3956D46DE8}") = "API", "API", "{193B3F7C-7EE1-48CC-A72E-971B074045D4}"
EndProject
Project("{2150E333-8FDC-42A3-9474-1A3956D46DE8}") = "Solution Items", "Solution Items", "{66E6986E-A3F3-46F9-B6E1-6CC4A586F0B1}"
	ProjectSection(SolutionItems) = preProject
		.editorconfig = .editorconfig
	EndProjectSection
EndProject
Project("{9A19103F-16F7-4668-BE54-9A1E7A4F7556}") = "DaanV2-NBT.Net - Standard2.1", "DaanV2-NBT.Net - Standard2.1\DaanV2-NBT.Net - Standard2.1.csproj", "{7110A5E2-C94E-4744-BC0C-29A468BE4ACE}"
EndProject
Project("{2150E333-8FDC-42A3-9474-1A3956D46DE8}") = "Test", "Test", "{7570FE9F-1C34-42B5-8669-2A817CB963D2}"
EndProject
Project("{D954291E-2A0B-460D-934E-DC6B0785DB48}") = "Test - Source", "Test\Test - Source\Test - Source.shproj", "{84C21E51-BA3B-4BA0-A1EF-9D3DA0381345}"
EndProject
Project("{FAE04EC0-301F-11D3-BF4B-00C04F79EFBC}") = "Test.Net", "Test\Test.Net\Test.Net.csproj", "{9BBC9A5B-0752-480F-92E1-689CD7ED948B}"
EndProject
Project("{FAE04EC0-301F-11D3-BF4B-00C04F79EFBC}") = "Test.Net Core", "Test\Test.Net Core\Test.Net Core.csproj", "{90DB15D4-353C-4E3C-B001-698122BFCAB3}"
EndProject
Global
	GlobalSection(SharedMSBuildProjectFiles) = preSolution
		Test\Test - Source\Test - Source.projitems*{84c21e51-ba3b-4ba0-a1ef-9d3da0381345}*SharedItemsImports = 13
		DaanV2-NBT.Net Source\DaanV2-NBT.Net Source.projitems*{8c661557-152d-412e-bf39-241f072b6d84}*SharedItemsImports = 4
		Test\Test - Source\Test - Source.projitems*{9bbc9a5b-0752-480f-92e1-689cd7ed948b}*SharedItemsImports = 4
		DaanV2-NBT.Net Source\DaanV2-NBT.Net Source.projitems*{f600936b-a6c7-4f31-8907-a2d4944feeb7}*SharedItemsImports = 13
	EndGlobalSection
	GlobalSection(SolutionConfigurationPlatforms) = preSolution
		Debug|Any CPU = Debug|Any CPU
		Debug|x64 = Debug|x64
		Debug|x86 = Debug|x86
		Release|Any CPU = Release|Any CPU
		Release|x64 = Release|x64
		Release|x86 = Release|x86
	EndGlobalSection
	GlobalSection(ProjectConfigurationPlatforms) = postSolution
		{2D05CB2E-E65A-4EF8-97D1-DF4FB6F33EEE}.Debug|Any CPU.ActiveCfg = Debug|Any CPU
		{2D05CB2E-E65A-4EF8-97D1-DF4FB6F33EEE}.Debug|Any CPU.Build.0 = Debug|Any CPU
		{2D05CB2E-E65A-4EF8-97D1-DF4FB6F33EEE}.Debug|x64.ActiveCfg = Debug|x64
		{2D05CB2E-E65A-4EF8-97D1-DF4FB6F33EEE}.Debug|x64.Build.0 = Debug|x64
		{2D05CB2E-E65A-4EF8-97D1-DF4FB6F33EEE}.Debug|x86.ActiveCfg = Debug|x86
		{2D05CB2E-E65A-4EF8-97D1-DF4FB6F33EEE}.Debug|x86.Build.0 = Debug|x86
		{2D05CB2E-E65A-4EF8-97D1-DF4FB6F33EEE}.Release|Any CPU.ActiveCfg = Release|Any CPU
		{2D05CB2E-E65A-4EF8-97D1-DF4FB6F33EEE}.Release|Any CPU.Build.0 = Release|Any CPU
		{2D05CB2E-E65A-4EF8-97D1-DF4FB6F33EEE}.Release|x64.ActiveCfg = Release|x64
		{2D05CB2E-E65A-4EF8-97D1-DF4FB6F33EEE}.Release|x64.Build.0 = Release|x64
		{2D05CB2E-E65A-4EF8-97D1-DF4FB6F33EEE}.Release|x86.ActiveCfg = Release|x86
		{2D05CB2E-E65A-4EF8-97D1-DF4FB6F33EEE}.Release|x86.Build.0 = Release|x86
		{8C661557-152D-412E-BF39-241F072B6D84}.Debug|Any CPU.ActiveCfg = Debug|Any CPU
		{8C661557-152D-412E-BF39-241F072B6D84}.Debug|Any CPU.Build.0 = Debug|Any CPU
		{8C661557-152D-412E-BF39-241F072B6D84}.Debug|x64.ActiveCfg = Debug|x64
		{8C661557-152D-412E-BF39-241F072B6D84}.Debug|x64.Build.0 = Debug|x64
		{8C661557-152D-412E-BF39-241F072B6D84}.Debug|x86.ActiveCfg = Debug|x86
		{8C661557-152D-412E-BF39-241F072B6D84}.Debug|x86.Build.0 = Debug|x86
		{8C661557-152D-412E-BF39-241F072B6D84}.Release|Any CPU.ActiveCfg = Release|Any CPU
		{8C661557-152D-412E-BF39-241F072B6D84}.Release|Any CPU.Build.0 = Release|Any CPU
		{8C661557-152D-412E-BF39-241F072B6D84}.Release|x64.ActiveCfg = Release|x64
		{8C661557-152D-412E-BF39-241F072B6D84}.Release|x64.Build.0 = Release|x64
		{8C661557-152D-412E-BF39-241F072B6D84}.Release|x86.ActiveCfg = Release|x86
		{8C661557-152D-412E-BF39-241F072B6D84}.Release|x86.Build.0 = Release|x86
		{7110A5E2-C94E-4744-BC0C-29A468BE4ACE}.Debug|Any CPU.ActiveCfg = Debug|Any CPU
		{7110A5E2-C94E-4744-BC0C-29A468BE4ACE}.Debug|Any CPU.Build.0 = Debug|Any CPU
		{7110A5E2-C94E-4744-BC0C-29A468BE4ACE}.Debug|x64.ActiveCfg = Debug|x64
		{7110A5E2-C94E-4744-BC0C-29A468BE4ACE}.Debug|x64.Build.0 = Debug|x64
		{7110A5E2-C94E-4744-BC0C-29A468BE4ACE}.Debug|x86.ActiveCfg = Debug|x86
		{7110A5E2-C94E-4744-BC0C-29A468BE4ACE}.Debug|x86.Build.0 = Debug|x86
		{7110A5E2-C94E-4744-BC0C-29A468BE4ACE}.Release|Any CPU.ActiveCfg = Release|Any CPU
		{7110A5E2-C94E-4744-BC0C-29A468BE4ACE}.Release|Any CPU.Build.0 = Release|Any CPU
		{7110A5E2-C94E-4744-BC0C-29A468BE4ACE}.Release|x64.ActiveCfg = Release|x64
		{7110A5E2-C94E-4744-BC0C-29A468BE4ACE}.Release|x64.Build.0 = Release|x64
		{7110A5E2-C94E-4744-BC0C-29A468BE4ACE}.Release|x86.ActiveCfg = Release|x86
		{7110A5E2-C94E-4744-BC0C-29A468BE4ACE}.Release|x86.Build.0 = Release|x86
		{9BBC9A5B-0752-480F-92E1-689CD7ED948B}.Debug|Any CPU.ActiveCfg = Debug|Any CPU
		{9BBC9A5B-0752-480F-92E1-689CD7ED948B}.Debug|Any CPU.Build.0 = Debug|Any CPU
		{9BBC9A5B-0752-480F-92E1-689CD7ED948B}.Debug|x64.ActiveCfg = Debug|Any CPU
		{9BBC9A5B-0752-480F-92E1-689CD7ED948B}.Debug|x64.Build.0 = Debug|Any CPU
		{9BBC9A5B-0752-480F-92E1-689CD7ED948B}.Debug|x86.ActiveCfg = Debug|Any CPU
		{9BBC9A5B-0752-480F-92E1-689CD7ED948B}.Debug|x86.Build.0 = Debug|Any CPU
		{9BBC9A5B-0752-480F-92E1-689CD7ED948B}.Release|Any CPU.ActiveCfg = Release|Any CPU
		{9BBC9A5B-0752-480F-92E1-689CD7ED948B}.Release|Any CPU.Build.0 = Release|Any CPU
		{9BBC9A5B-0752-480F-92E1-689CD7ED948B}.Release|x64.ActiveCfg = Release|Any CPU
		{9BBC9A5B-0752-480F-92E1-689CD7ED948B}.Release|x64.Build.0 = Release|Any CPU
		{9BBC9A5B-0752-480F-92E1-689CD7ED948B}.Release|x86.ActiveCfg = Release|Any CPU
		{9BBC9A5B-0752-480F-92E1-689CD7ED948B}.Release|x86.Build.0 = Release|Any CPU
		{90DB15D4-353C-4E3C-B001-698122BFCAB3}.Debug|Any CPU.ActiveCfg = Debug|Any CPU
		{90DB15D4-353C-4E3C-B001-698122BFCAB3}.Debug|Any CPU.Build.0 = Debug|Any CPU
		{90DB15D4-353C-4E3C-B001-698122BFCAB3}.Debug|x64.ActiveCfg = Debug|Any CPU
		{90DB15D4-353C-4E3C-B001-698122BFCAB3}.Debug|x64.Build.0 = Debug|Any CPU
		{90DB15D4-353C-4E3C-B001-698122BFCAB3}.Debug|x86.ActiveCfg = Debug|Any CPU
		{90DB15D4-353C-4E3C-B001-698122BFCAB3}.Debug|x86.Build.0 = Debug|Any CPU
		{90DB15D4-353C-4E3C-B001-698122BFCAB3}.Release|Any CPU.ActiveCfg = Release|Any CPU
		{90DB15D4-353C-4E3C-B001-698122BFCAB3}.Release|Any CPU.Build.0 = Release|Any CPU
		{90DB15D4-353C-4E3C-B001-698122BFCAB3}.Release|x64.ActiveCfg = Release|Any CPU
		{90DB15D4-353C-4E3C-B001-698122BFCAB3}.Release|x64.Build.0 = Release|Any CPU
		{90DB15D4-353C-4E3C-B001-698122BFCAB3}.Release|x86.ActiveCfg = Release|Any CPU
		{90DB15D4-353C-4E3C-B001-698122BFCAB3}.Release|x86.Build.0 = Release|Any CPU
	EndGlobalSection
	GlobalSection(SolutionProperties) = preSolution
		HideSolutionNode = FALSE
	EndGlobalSection
	GlobalSection(NestedProjects) = preSolution
		{F600936B-A6C7-4F31-8907-A2D4944FEEB7} = {193B3F7C-7EE1-48CC-A72E-971B074045D4}
		{2D05CB2E-E65A-4EF8-97D1-DF4FB6F33EEE} = {193B3F7C-7EE1-48CC-A72E-971B074045D4}
		{8C661557-152D-412E-BF39-241F072B6D84} = {193B3F7C-7EE1-48CC-A72E-971B074045D4}
		{7110A5E2-C94E-4744-BC0C-29A468BE4ACE} = {193B3F7C-7EE1-48CC-A72E-971B074045D4}
		{84C21E51-BA3B-4BA0-A1EF-9D3DA0381345} = {7570FE9F-1C34-42B5-8669-2A817CB963D2}
		{9BBC9A5B-0752-480F-92E1-689CD7ED948B} = {7570FE9F-1C34-42B5-8669-2A817CB963D2}
		{90DB15D4-353C-4E3C-B001-698122BFCAB3} = {7570FE9F-1C34-42B5-8669-2A817CB963D2}
	EndGlobalSection
	GlobalSection(ExtensibilityGlobals) = postSolution
		SolutionGuid = {69C88882-8CC1-49CE-9D41-966C8B20810A}
	EndGlobalSection
EndGlobal
